
Microsoft Visual Studio Solution File, Format Version 12.00
# Visual Studio Version 16
VisualStudioVersion = 16.0.30204.135
MinimumVisualStudioVersion = 10.0.40219.1
Project("{8BC9CEB8-8B4A-11D0-8D11-00A0C91BC942}") = "Domashka5", "Domashka5\Domashka5.vcxproj", "{125DAA43-6521-46A7-B615-C7C114769A0C}"
EndProject
Global
	GlobalSection(SolutionConfigurationPlatforms) = preSolution
		Debug|x64 = Debug|x64
		Debug|x86 = Debug|x86
		Release|x64 = Release|x64
		Release|x86 = Release|x86
	EndGlobalSection
	GlobalSection(ProjectConfigurationPlatforms) = postSolution
		{125DAA43-6521-46A7-B615-C7C114769A0C}.Debug|x64.ActiveCfg = Debug|x64
		{125DAA43-6521-46A7-B615-C7C114769A0C}.Debug|x64.Build.0 = Debug|x64
		{125DAA43-6521-46A7-B615-C7C114769A0C}.Debug|x86.ActiveCfg = Debug|Win32
		{125DAA43-6521-46A7-B615-C7C114769A0C}.Debug|x86.Build.0 = Debug|Win32
		{125DAA43-6521-46A7-B615-C7C114769A0C}.Release|x64.ActiveCfg = Release|x64
		{125DAA43-6521-46A7-B615-C7C114769A0C}.Release|x64.Build.0 = Release|x64
		{125DAA43-6521-46A7-B615-C7C114769A0C}.Release|x86.ActiveCfg = Release|Win32
		{125DAA43-6521-46A7-B615-C7C114769A0C}.Release|x86.Build.0 = Release|Win32
	EndGlobalSection
	GlobalSection(SolutionProperties) = preSolution
		HideSolutionNode = FALSE
	EndGlobalSection
	GlobalSection(ExtensibilityGlobals) = postSolution
		SolutionGuid = {66D8E54E-BEEC-495A-B7AB-C8EEDD582582}
	EndGlobalSection
EndGlobal
